
Microsoft Visual Studio Solution File, Format Version 12.00
# Visual Studio Version 16
VisualStudioVersion = 16.0.32413.511
MinimumVisualStudioVersion = 10.0.40219.1
Project("{FAE04EC0-301F-11D3-BF4B-00C04F79EFBC}") = "SalesWebMvc", "SalesWebMvc\SalesWebMvc.csproj", "{9AD43A49-93CB-464D-873E-C3D9339E9C25}"
EndProject
Global
	GlobalSection(SolutionConfigurationPlatforms) = preSolution
		Debug|Any CPU = Debug|Any CPU
		Release|Any CPU = Release|Any CPU
	EndGlobalSection
	GlobalSection(ProjectConfigurationPlatforms) = postSolution
		{9AD43A49-93CB-464D-873E-C3D9339E9C25}.Debug|Any CPU.ActiveCfg = Debug|Any CPU
		{9AD43A49-93CB-464D-873E-C3D9339E9C25}.Debug|Any CPU.Build.0 = Debug|Any CPU
		{9AD43A49-93CB-464D-873E-C3D9339E9C25}.Release|Any CPU.ActiveCfg = Release|Any CPU
		{9AD43A49-93CB-464D-873E-C3D9339E9C25}.Release|Any CPU.Build.0 = Release|Any CPU
	EndGlobalSection
	GlobalSection(SolutionProperties) = preSolution
		HideSolutionNode = FALSE
	EndGlobalSection
	GlobalSection(ExtensibilityGlobals) = postSolution
		SolutionGuid = {21573D1A-6EF5-4484-BF3F-E18957F4A0AD}
	EndGlobalSection
EndGlobal
